Microsoft Visual Studio Solution File, Format Version 12.00
# Visual Studio Version 17
VisualStudioVersion = 17.5.2.0
MinimumVisualStudioVersion = 10.0.40219.1
Project("{2150E333-8FDC-42A3-9474-1A3956D46DE8}") = "api", "api", "{D82C56D6-B2CD-F611-9E31-04638F7EC30E}"
EndProject
Project("{FAE04EC0-301F-11D3-BF4B-00C04F79EFBC}") = "MaxTrax3_API", "api\MaxTrax3_API\MaxTrax3_API.csproj", "{AA637DDA-C890-1F43-A51C-B3E458235703}"
EndProject
Global
	GlobalSection(SolutionConfigurationPlatforms) = preSolution
		Debug|Any CPU = Debug|Any CPU
		Release|Any CPU = Release|Any CPU
	EndGlobalSection
	GlobalSection(ProjectConfigurationPlatforms) = postSolution
		{AA637DDA-C890-1F43-A51C-B3E458235703}.Debug|Any CPU.ActiveCfg = Debug|Any CPU
		{AA637DDA-C890-1F43-A51C-B3E458235703}.Debug|Any CPU.Build.0 = Debug|Any CPU
		{AA637DDA-C890-1F43-A51C-B3E458235703}.Release|Any CPU.ActiveCfg = Release|Any CPU
		{AA637DDA-C890-1F43-A51C-B3E458235703}.Release|Any CPU.Build.0 = Release|Any CPU
	EndGlobalSection
	GlobalSection(SolutionProperties) = preSolution
		HideSolutionNode = FALSE
	EndGlobalSection
	GlobalSection(NestedProjects) = preSolution
		{AA637DDA-C890-1F43-A51C-B3E458235703} = {D82C56D6-B2CD-F611-9E31-04638F7EC30E}
	EndGlobalSection
	GlobalSection(ExtensibilityGlobals) = postSolution
		SolutionGuid = {7173A1B8-EDF7-4C72-9154-C896A2ECCF59}
	EndGlobalSection
EndGlobal
